// !$*UTF8*$!
{
	archiveVersion = 1;
	classes = {
	};
	objectVersion = 46;
	objects = {

/* Begin PBXBuildFile section */
		D1BF57CD1E6BC36A000B8706 /* AppDelegate.swift in Sources */ = {isa = PBXBuildFile; fileRef = D1BF57CC1E6BC36A000B8706 /* AppDelegate.swift */; };
		D1BF57CF1E6BC36A000B8706 /* ViewController.swift in Sources */ = {isa = PBXBuildFile; fileRef = D1BF57CE1E6BC36A000B8706 /* ViewController.swift */; };
		D1BF57D21E6BC36A000B8706 /* Main.storyboard in Resources */ = {isa = PBXBuildFile; fileRef = D1BF57D01E6BC36A000B8706 /* Main.storyboard */; };
		D1BF57D41E6BC36A000B8706 /* Assets.xcassets in Resources */ = {isa = PBXBuildFile; fileRef = D1BF57D31E6BC36A000B8706 /* Assets.xcassets */; };
		D1BF57D71E6BC36A000B8706 /* LaunchScreen.storyboard in Resources */ = {isa = PBXBuildFile; fileRef = D1BF57D51E6BC36A000B8706 /* LaunchScreen.storyboard */; };
/* End PBXBuildFile section */

/* Begin PBXFileReference section */
		D1BF57C91E6BC36A000B8706 /* 一秒落淚.app */ = {isa = PBXFileReference; explicitFileType = wrapper.application; includeInIndex = 0; path = "一秒落淚.app"; sourceTree = BUILT_PRODUCTS_DIR; };
		D1BF57CC1E6BC36A000B8706 /* AppDelegate.swift */ = {isa = PBXFileReference; lastKnownFileType = sourcecode.swift; path = AppDelegate.swift; sourceTree = "<group>"; };
		D1BF57CE1E6BC36A000B8706 /* ViewController.swift */ = {isa = PBXFileReference; lastKnownFileType = sourcecode.swift; path = ViewController.swift; sourceTree = "<group>"; };
		D1BF57D11E6BC36A000B8706 /* Base */ = {isa = PBXFileReference; lastKnownFileType = file.storyboard; name = Base; path = Base.lproj/Main.storyboard; sourceTree = "<group>"; };
		D1BF57D31E6BC36A000B8706 /* Assets.xcassets */ = {isa = PBXFileReference; lastKnownFileType = folder.assetcatalog; path = Assets.xcassets; sourceTree = "<group>"; };
		D1BF57D61E6BC36A000B8706 /* Base */ = {isa = PBXFileReference; lastKnownFileType = file.storyboard; name = Base; path = Base.lproj/LaunchScreen.storyboard; sourceTree = "<group>"; };
		D1BF57D81E6BC36A000B8706 /* Info.plist */ = {isa = PBXFileReference; lastKnownFileType = text.plist.xml; path = Info.plist; sourceTree = "<group>"; };
/* End PBXFileReference section */

/* Begin PBXFrameworksBuildPhase section */
		D1BF57C61E6BC36A000B8706 /* Frameworks */ = {
			isa = PBXFrameworksBuildPhase;
			buildActionMask = 2147483647;
			files = (
			);
			runOnlyForDeploymentPostprocessing = 0;
		};
/* End PBXFrameworksBuildPhase section */

/* Begin PBXGroup section */
		D1BF57C01E6BC36A000B8706 = {
			isa = PBXGroup;
			children = (
				D1BF57CB1E6BC36A000B8706 /* 一秒落淚 */,
				D1BF57CA1E6BC36A000B8706 /* Products */,
			);
			sourceTree = "<group>";
		};
		D1BF57CA1E6BC36A000B8706 /* Products */ = {
			isa = PBXGroup;
			children = (
				D1BF57C91E6BC36A000B8706 /* 一秒落淚.app */,
			);
			name = Products;
			sourceTree = "<group>";
		};
		D1BF57CB1E6BC36A000B8706 /* 一秒落淚 */ = {
			isa = PBXGroup;
			children = (
				D1BF57CC1E6BC36A000B8706 /* AppDelegate.swift */,
				D1BF57CE1E6BC36A000B8706 /* ViewController.swift */,
				D1BF57D01E6BC36A000B8706 /* Main.storyboard */,
				D1BF57D31E6BC36A000B8706 /* Assets.xcassets */,
				D1BF57D51E6BC36A000B8706 /* LaunchScreen.storyboard */,
				D1BF57D81E6BC36A000B8706 /* Info.plist */,
			);
			path = "一秒落淚";
			sourceTree = "<group>";
		};
/* End PBXGroup section */

/* Begin PBXNativeTarget section */
		D1BF57C81E6BC36A000B8706 /* 一秒落淚 */ = {
			isa = PBXNativeTarget;
			buildConfigurationList = D1BF57DB1E6BC36A000B8706 /* Build configuration list for PBXNativeTarget "一秒落淚" */;
			buildPhases = (
				D1BF57C51E6BC36A000B8706 /* Sources */,
				D1BF57C61E6BC36A000B8706 /* Frameworks */,
				D1BF57C71E6BC36A000B8706 /* Resources */,
			);
			buildRules = (
			);
			dependencies = (
			);
			name = "一秒落淚";
			productName = "一秒落淚";
			productReference = D1BF57C91E6BC36A000B8706 /* 一秒落淚.app */;
			productType = "com.apple.product-type.application";
		};
/* End PBXNativeTarget section */

/* Begin PBXProject section */
		D1BF57C11E6BC36A000B8706 /* Project object */ = {
			isa = PBXProject;
			attributes = {
				LastSwiftUpdateCheck = 0820;
				LastUpgradeCheck = 0820;
				ORGANIZATIONNAME = "Jeffery Tsai";
				TargetAttributes = {
					D1BF57C81E6BC36A000B8706 = {
						CreatedOnToolsVersion = 8.2;
						DevelopmentTeam = ULE2J4MGC7;
						ProvisioningStyle = Automatic;
					};
				};
			};
			buildConfigurationList = D1BF57C41E6BC36A000B8706 /* Build configuration list for PBXProject "一秒落淚" */;
			compatibilityVersion = "Xcode 3.2";
			developmentRegion = English;
			hasScannedForEncodings = 0;
			knownRegions = (
				en,
				Base,
			);
			mainGroup = D1BF57C01E6BC36A000B8706;
			productRefGroup = D1BF57CA1E6BC36A000B8706 /* Products */;
			projectDirPath = "";
			projectRoot = "";
			targets = (
				D1BF57C81E6BC36A000B8706 /* 一秒落淚 */,
			);
		};
/* End PBXProject section */

/* Begin PBXResourcesBuildPhase section */
		D1BF57C71E6BC36A000B8706 /* Resources */ = {
			isa = PBXResourcesBuildPhase;
			buildActionMask = 2147483647;
			files = (
				D1BF57D71E6BC36A000B8706 /* LaunchScreen.storyboard in Resources */,
				D1BF57D41E6BC36A000B8706 /* Assets.xcassets in Resources */,
				D1BF57D21E6BC36A000B8706 /* Main.storyboard in Resources */,
			);
			runOnlyForDeploymentPostprocessing = 0;
		};
/* End PBXResourcesBuildPhase section */

/* Begin PBXSourcesBuildPhase section */
		D1BF57C51E6BC36A000B8706 /* Sources */ = {
			isa = PBXSourcesBuildPhase;
			buildActionMask = 2147483647;
			files = (
				D1BF57CF1E6BC36A000B8706 /* ViewController.swift in Sources */,
				D1BF57CD1E6BC36A000B8706 /* AppDelegate.swift in Sources */,
			);
			runOnlyForDeploymentPostprocessing = 0;
		};
/* End PBXSourcesBuildPhase section */

/* Begin PBXVariantGroup section */
		D1BF57D01E6BC36A000B8706 /* Main.storyboard */ = {
			isa = PBXVariantGroup;
			children = (
				D1BF57D11E6BC36A000B8706 /* Base */,
			);
			name = Main.storyboard;
			sourceTree = "<group>";
		};
		D1BF57D51E6BC36A000B8706 /* LaunchScreen.storyboard */ = {
			isa = PBXVariantGroup;
			children = (
				D1BF57D61E6BC36A000B8706 /* Base */,
			);
			name = LaunchScreen.storyboard;
			sourceTree = "<group>";
		};
/* End PBXVariantGroup section */

/* Begin XCBuildConfiguration section */
		D1BF57D91E6BC36A000B8706 /* Debug */ = {
			isa = XCBuildConfiguration;
			buildSettings = {
				ALWAYS_SEARCH_USER_PATHS = NO;
				CLANG_ANALYZER_NONNULL = YES;
				CLANG_CXX_LANGUAGE_STANDARD = "gnu++0x";
				CLANG_CXX_LIBRARY = "libc++";
				CLANG_ENABLE_MODULES = YES;
				CLANG_ENABLE_OBJC_ARC = YES;
				CLANG_WARN_BOOL_CONVERSION = YES;
				CLANG_WARN_CONSTANT_CONVERSION = YES;
				CLANG_WARN_DIRECT_OBJC_ISA_USAGE = YES_ERROR;
				CLANG_WARN_DOCUMENTATION_COMMENTS = YES;
				CLANG_WARN_EMPTY_BODY = YES;
				CLANG_WARN_ENUM_CONVERSION = YES;
				CLANG_WARN_INFINITE_RECURSION = YES;
				CLANG_WARN_INT_CONVERSION = YES;
				CLANG_WARN_OBJC_ROOT_CLASS = YES_ERROR;
				CLANG_WARN_SUSPICIOUS_MOVE = YES;
				CLANG_WARN_UNREACHABLE_CODE = YES;
				CLANG_WARN__DUPLICATE_METHOD_MATCH = YES;
				"CODE_SIGN_IDENTITY[sdk=iphoneos*]" = "iPhone Developer";
				COPY_PHASE_STRIP = NO;
				DEBUG_INFORMATION_FORMAT = dwarf;
				ENABLE_STRICT_OBJC_MSGSEND = YES;
				ENABLE_TESTABILITY = YES;
				GCC_C_LANGUAGE_STANDARD = gnu99;
				GCC_DYNAMIC_NO_PIC = NO;
				GCC_NO_COMMON_BLOCKS = YES;
				GCC_OPTIMIZATION_LEVEL = 0;
				GCC_PREPROCESSOR_DEFINITIONS = (
					"DEBUG=1",
					"$(inherited)",
				);
				GCC_WARN_64_TO_32_BIT_CONVERSION = YES;
				GCC_WARN_ABOUT_RETURN_TYPE = YES_ERROR;
				GCC_WARN_UNDECLARED_SELECTOR = YES;
				GCC_WARN_UNINITIALIZED_AUTOS = YES_AGGRESSIVE;
				GCC_WARN_UNUSED_FUNCTION = YES;
				GCC_WARN_UNUSED_VARIABLE = YES;
				IPHONEOS_DEPLOYMENT_TARGET = 8.0;
				MTL_ENABLE_DEBUG_INFO = YES;
				ONLY_ACTIVE_ARCH = YES;
				SDKROOT = iphoneos;
				SWIFT_ACTIVE_COMPILATION_CONDITIONS = DEBUG;
				SWIFT_OPTIMIZATION_LEVEL = "-Onone";
				TARGETED_DEVICE_FAMILY = "1,2";
			};
			name = Debug;
		};
		D1BF57DA1E6BC36A000B8706 /* Release */ = {
			isa = XCBuildConfiguration;
			buildSettings = {
				ALWAYS_SEARCH_USER_PATHS = NO;
				CLANG_ANALYZER_NONNULL = YES;
				CLANG_CXX_LANGUAGE_STANDARD = "gnu++0x";
				CLANG_CXX_LIBRARY = "libc++";
				CLANG_ENABLE_MODULES = YES;
				CLANG_ENABLE_OBJC_ARC = YES;
				CLANG_WARN_BOOL_CONVERSION = YES;
				CLANG_WARN_CONSTANT_CONVERSION = YES;
				CLANG_WARN_DIRECT_OBJC_ISA_USAGE = YES_ERROR;
				CLANG_WARN_DOCUMENTATION_COMMENTS = YES;
				CLANG_WARN_EMPTY_BODY = YES;
				CLANG_WARN_ENUM_CONVERSION = YES;
				CLANG_WARN_INFINITE_RECURSION = YES;
				CLANG_WARN_INT_CONVERSION = YES;
				CLANG_WARN_OBJC_ROOT_CLASS = YES_ERROR;
				CLANG_WARN_SUSPICIOUS_MOVE = YES;
				CLANG_WARN_UNREACHABLE_CODE = YES;
				CLANG_WARN__DUPLICATE_METHOD_MATCH = YES;
				"CODE_SIGN_IDENTITY[sdk=iphoneos*]" = "iPhone Developer";
				COPY_PHASE_STRIP = NO;
				DEBUG_INFORMATION_FORMAT = "dwarf-with-dsym";
				ENABLE_NS_ASSERTIONS = NO;
				ENABLE_STRICT_OBJC_MSGSEND = YES;
				GCC_C_LANGUAGE_STANDARD = gnu99;
				GCC_NO_COMMON_BLOCKS = YES;
				GCC_WARN_64_TO_32_BIT_CONVERSION = YES;
				GCC_WARN_ABOUT_RETURN_TYPE = YES_ERROR;
				GCC_WARN_UNDECLARED_SELECTOR = YES;
				GCC_WARN_UNINITIALIZED_AUTOS = YES_AGGRESSIVE;
				GCC_WARN_UNUSED_FUNCTION = YES;
				GCC_WARN_UNUSED_VARIABLE = YES;
				IPHONEOS_DEPLOYMENT_TARGET = 8.0;
				MTL_ENABLE_DEBUG_INFO = NO;
				SDKROOT = iphoneos;
				SWIFT_OPTIMIZATION_LEVEL = "-Owholemodule";
				TARGETED_DEVICE_FAMILY = "1,2";
				VALIDATE_PRODUCT = YES;
			};
			name = Release;
		};
		D1BF57DC1E6BC36A000B8706 /* Debug */ = {
			isa = XCBuildConfiguration;
			buildSettings = {
				ASSETCATALOG_COMPILER_APPICON_NAME = AppIcon;
				DEVELOPMENT_TEAM = ULE2J4MGC7;
				INFOPLIST_FILE = "一秒落淚/Info.plist";
				IPHONEOS_DEPLOYMENT_TARGET = 10.0;
				LD_RUNPATH_SEARCH_PATHS = "$(inherited) @executable_path/Frameworks";
				PRODUCT_BUNDLE_IDENTIFIER = com.Jeffery.Tsai.poem;
				PRODUCT_NAME = "$(TARGET_NAME)";
				SWIFT_VERSION = 3.0;
				TARGETED_DEVICE_FAMILY = 1;
			};
			name = Debug;
		};
		D1BF57DD1E6BC36A000B8706 /* Release */ = {
			isa = XCBuildConfiguration;
			buildSettings = {
				ASSETCATALOG_COMPILER_APPICON_NAME = AppIcon;
				DEVELOPMENT_TEAM = ULE2J4MGC7;
				INFOPLIST_FILE = "一秒落淚/Info.plist";
				IPHONEOS_DEPLOYMENT_TARGET = 10.0;
				LD_RUNPATH_SEARCH_PATHS = "$(inherited) @executable_path/Frameworks";
				PRODUCT_BUNDLE_IDENTIFIER = com.Jeffery.Tsai.poem;
				PRODUCT_NAME = "$(TARGET_NAME)";
				SWIFT_VERSION = 3.0;
				TARGETED_DEVICE_FAMILY = 1;
			};
			name = Release;
		};
/* End XCBuildConfiguration section */

/* Begin XCConfigurationList section */
		D1BF57C41E6BC36A000B8706 /* Build configuration list for PBXProject "一秒落淚" */ = {
			isa = XCConfigurationList;
			buildConfigurations = (
				D1BF57D91E6BC36A000B8706 /* Debug */,
				D1BF57DA1E6BC36A000B8706 /* Release */,
			);
			defaultConfigurationIsVisible = 0;
			defaultConfigurationName = Release;
		};
		D1BF57DB1E6BC36A000B8706 /* Build configuration list for PBXNativeTarget "一秒落淚" */ = {
			isa = XCConfigurationList;
			buildConfigurations = (
				D1BF57DC1E6BC36A000B8706 /* Debug */,
				D1BF57DD1E6BC36A000B8706 /* Release */,
			);
			defaultConfigurationIsVisible = 0;
		};
/* End XCConfigurationList section */
	};
	rootObject = D1BF57C11E6BC36A000B8706 /* Project object */;
}
